
Microsoft Visual Studio Solution File, Format Version 12.00
# Visual Studio Version 17
VisualStudioVersion = 17.4.33110.190
MinimumVisualStudioVersion = 10.0.40219.1
Project("{FAE04EC0-301F-11D3-BF4B-00C04F79EFBC}") = "BookAPI", "BookAPI\BookAPI.csproj", "{9F0253F9-1A48-4932-A6EB-DD3377CD158E}"
EndProject
Global
	GlobalSection(SolutionConfigurationPlatforms) = preSolution
		Debug|Any CPU = Debug|Any CPU
		Release|Any CPU = Release|Any CPU
	EndGlobalSection
	GlobalSection(ProjectConfigurationPlatforms) = postSolution
		{9F0253F9-1A48-4932-A6EB-DD3377CD158E}.Debug|Any CPU.ActiveCfg = Debug|Any CPU
		{9F0253F9-1A48-4932-A6EB-DD3377CD158E}.Debug|Any CPU.Build.0 = Debug|Any CPU
		{9F0253F9-1A48-4932-A6EB-DD3377CD158E}.Release|Any CPU.ActiveCfg = Release|Any CPU
		{9F0253F9-1A48-4932-A6EB-DD3377CD158E}.Release|Any CPU.Build.0 = Release|Any CPU
	EndGlobalSection
	GlobalSection(SolutionProperties) = preSolution
		HideSolutionNode = FALSE
	EndGlobalSection
	GlobalSection(ExtensibilityGlobals) = postSolution
		SolutionGuid = {C25E7E60-8356-4E50-822A-599ADDC36D10}
	EndGlobalSection
EndGlobal
