
Microsoft Visual Studio Solution File, Format Version 12.00
# Visual Studio Version 17
VisualStudioVersion = 17.4.33110.190
MinimumVisualStudioVersion = 10.0.40219.1
Project("{FAE04EC0-301F-11D3-BF4B-00C04F79EFBC}") = "Curso.RequestPortfolio", "Curso.RequestPortfolio.csproj", "{E97F9AD3-300C-4688-97DB-F8C3A5262656}"
EndProject
Project("{FAE04EC0-301F-11D3-BF4B-00C04F79EFBC}") = "CrudBooks", "..\Aula61\CrudBooks.csproj", "{DCF4BCAC-F2C9-4A03-ACB1-44C4FD538D09}"
EndProject
Global
	GlobalSection(SolutionConfigurationPlatforms) = preSolution
		Debug|Any CPU = Debug|Any CPU
		Release|Any CPU = Release|Any CPU
	EndGlobalSection
	GlobalSection(ProjectConfigurationPlatforms) = postSolution
		{E97F9AD3-300C-4688-97DB-F8C3A5262656}.Debug|Any CPU.ActiveCfg = Debug|Any CPU
		{E97F9AD3-300C-4688-97DB-F8C3A5262656}.Debug|Any CPU.Build.0 = Debug|Any CPU
		{E97F9AD3-300C-4688-97DB-F8C3A5262656}.Release|Any CPU.ActiveCfg = Release|Any CPU
		{E97F9AD3-300C-4688-97DB-F8C3A5262656}.Release|Any CPU.Build.0 = Release|Any CPU
		{DCF4BCAC-F2C9-4A03-ACB1-44C4FD538D09}.Debug|Any CPU.ActiveCfg = Debug|Any CPU
		{DCF4BCAC-F2C9-4A03-ACB1-44C4FD538D09}.Debug|Any CPU.Build.0 = Debug|Any CPU
		{DCF4BCAC-F2C9-4A03-ACB1-44C4FD538D09}.Release|Any CPU.ActiveCfg = Release|Any CPU
		{DCF4BCAC-F2C9-4A03-ACB1-44C4FD538D09}.Release|Any CPU.Build.0 = Release|Any CPU
	EndGlobalSection
	GlobalSection(SolutionProperties) = preSolution
		HideSolutionNode = FALSE
	EndGlobalSection
	GlobalSection(ExtensibilityGlobals) = postSolution
		SolutionGuid = {3A66C41B-A589-4EDE-9025-2BFDA8044CA9}
	EndGlobalSection
EndGlobal
